<?xml version="1.0" encoding="utf-8"?>
<Project ToolsVersion="4.0" xmlns="http://schemas.microsoft.com/developer/msbuild/2003">
  <ItemGroup>
    <Filter Include="Source Files">
      <UniqueIdentifier>{4FC737F1-C7A5-4376-A066-2A32D752A2FF}</UniqueIdentifier>
      <Extensions>cpp;c;cc;cxx;def;odl;idl;hpj;bat;asm;asmx</Extensions>
    </Filter>
    <Filter Include="Header Files">
      <UniqueIdentifier>{93995380-89BD-4b04-88EB-625FBE52EBFB}</UniqueIdentifier>
      <Extensions>h;hh;hpp;hxx;hm;inl;inc;xsd</Extensions>
    </Filter>
    <Filter Include="Resource Files">
      <UniqueIdentifier>{67DA6AB6-F800-4c08-8B7A-83BB121AAD01}</UniqueIdentifier>
      <Extensions>rc;ico;cur;bmp;dlg;rc2;rct;bin;rgs;gif;jpg;jpeg;jpe;resx;tiff;tif;png;wav;mfcribbon-ms</Extensions>
    </Filter>
    <Filter Include="MZLineSorter">
      <UniqueIdentifier>{835914c9-30e5-4662-9cd2-c1fc2c419612}</UniqueIdentifier>
    </Filter>
    <Filter Include="MZDataReader">
      <UniqueIdentifier>{3e41369a-751b-4582-bcd5-167731a695f2}</UniqueIdentifier>
    </Filter>
  </ItemGroup>
  <ItemGroup>
    <Text Include="ReadMe.txt" />
  </ItemGroup>
  <ItemGroup>
    <ClInclude Include="ParseParameters.h">
      <Filter>Source Files</Filter>
    </ClInclude>
    <ClInclude Include="..\..\Source\MZLineCompare.h">
      <Filter>MZLineSorter</Filter>
    </ClInclude>
    <ClInclude Include="..\..\Source\MZLineInfo.h">
      <Filter>MZLineSorter</Filter>
    </ClInclude>
    <ClInclude Include="..\..\Source\MZLineSorter.h">
      <Filter>MZLineSorter</Filter>
    </ClInclude>
    <ClInclude Include="..\..\Source\MZLineSorterExceptions.h">
      <Filter>MZLineSorter</Filter>
    </ClInclude>
    <ClInclude Include="..\..\Source\MZParseTime.h">
      <Filter>MZLineSorter</Filter>
    </ClInclude>
    <ClInclude Include="..\..\Source\MZSortableLinesData.h">
      <Filter>MZLineSorter</Filter>
    </ClInclude>
    <ClInclude Include="..\..\Source\MZSortingLinePreprocessor.h">
      <Filter>MZLineSorter</Filter>
    </ClInclude>
    <ClInclude Include="..\..\..\MZDataReader\Source\MZDataIdentifier.h">
      <Filter>MZDataReader</Filter>
    </ClInclude>
    <ClInclude Include="..\..\..\MZDataReader\Source\MZDataReader.h">
      <Filter>MZDataReader</Filter>
    </ClInclude>
    <ClInclude Include="..\..\..\MZDataReader\Source\MZDataWriter.h">
      <Filter>MZDataReader</Filter>
    </ClInclude>
    <ClInclude Include="..\..\..\MZDataReader\Source\MZLineParser.h">
      <Filter>MZDataReader</Filter>
    </ClInclude>
    <ClInclude Include="..\..\..\MZDataReader\Source\MZLineReader.h">
      <Filter>MZDataReader</Filter>
    </ClInclude>
    <ClInclude Include="..\..\..\MZDataReader\Source\MZLinesData.h">
      <Filter>MZDataReader</Filter>
    </ClInclude>
    <ClInclude Include="MZSortFiles.h">
      <Filter>Source Files</Filter>
    </ClInclude>
    <ClInclude Include="stdafx.h">
      <Filter>Source Files</Filter>
    </ClInclude>
    <ClInclude Include="targetver.h">
      <Filter>Source Files</Filter>
    </ClInclude>
    <ClInclude Include="zSTLDef.h">
      <Filter>Source Files</Filter>
    </ClInclude>
    <ClInclude Include="..\..\..\MZDataReader\Source\MZDataReaderException.h">
      <Filter>MZDataReader</Filter>
    </ClInclude>
  </ItemGroup>
  <ItemGroup>
    <ClCompile Include="stdafx.cpp">
      <Filter>Source Files</Filter>
    </ClCompile>
    <ClCompile Include="ParseParameters.cpp">
      <Filter>Source Files</Filter>
    </ClCompile>
    <ClCompile Include="MZSortFiles.cpp">
      <Filter>Source Files</Filter>
    </ClCompile>
    <ClCompile Include="MZSortLines.cpp">
      <Filter>Source Files</Filter>
    </ClCompile>
    <ClCompile Include="..\..\Source\MZLineSorter.cpp">
      <Filter>MZLineSorter</Filter>
    </ClCompile>
    <ClCompile Include="..\..\Source\MZParseTime.cpp">
      <Filter>MZLineSorter</Filter>
    </ClCompile>
  </ItemGroup>
</Project>